// !$*UTF8*$!
{
	archiveVersion = 1;
	classes = {
	};
	objectVersion = 46;
	objects = {

/* Begin PBXBuildFile section */
		3FB63BBB1535EB40005EFD96 /* CustomCell.m in Sources */ = {isa = PBXBuildFile; fileRef = 3FB63BBA1535EB40005EFD96 /* CustomCell.m */; };
		3FB63BDA153601C0005EFD96 /* tableViewCell@2x.png in Resources */ = {isa = PBXBuildFile; fileRef = 3FB63BD8153601C0005EFD96 /* tableViewCell@2x.png */; };
		3FB63BDB153601C0005EFD96 /* tableViewCell.png in Resources */ = {isa = PBXBuildFile; fileRef = 3FB63BD9153601C0005EFD96 /* tableViewCell.png */; };
		3FDE3DB81535DE70005E4EC3 /* UIKit.framework in Frameworks */ = {isa = PBXBuildFile; fileRef = 3FDE3DB71535DE70005E4EC3 /* UIKit.framework */; };
		3FDE3DBA1535DE70005E4EC3 /* Foundation.framework in Frameworks */ = {isa = PBXBuildFile; fileRef = 3FDE3DB91535DE70005E4EC3 /* Foundation.framework */; };
		3FDE3DBC1535DE70005E4EC3 /* CoreGraphics.framework in Frameworks */ = {isa = PBXBuildFile; fileRef = 3FDE3DBB1535DE70005E4EC3 /* CoreGraphics.framework */; };
		3FDE3DBE1535DE70005E4EC3 /* CoreData.framework in Frameworks */ = {isa = PBXBuildFile; fileRef = 3FDE3DBD1535DE70005E4EC3 /* CoreData.framework */; };
		3FDE3DC41535DE70005E4EC3 /* InfoPlist.strings in Resources */ = {isa = PBXBuildFile; fileRef = 3FDE3DC21535DE70005E4EC3 /* InfoPlist.strings */; };
		3FDE3DC61535DE70005E4EC3 /* main.m in Sources */ = {isa = PBXBuildFile; fileRef = 3FDE3DC51535DE70005E4EC3 /* main.m */; };
		3FDE3DCA1535DE70005E4EC3 /* AppDelegate.m in Sources */ = {isa = PBXBuildFile; fileRef = 3FDE3DC91535DE70005E4EC3 /* AppDelegate.m */; };
		3FDE3DCD1535DE70005E4EC3 /* Score_Calculator.xcdatamodeld in Sources */ = {isa = PBXBuildFile; fileRef = 3FDE3DCB1535DE70005E4EC3 /* Score_Calculator.xcdatamodeld */; };
		3FDE3DDD1535E187005E4EC3 /* RootTableViewController.m in Sources */ = {isa = PBXBuildFile; fileRef = 3FDE3DDC1535E187005E4EC3 /* RootTableViewController.m */; };
		3FDE3DE01535E1F5005E4EC3 /* CoreDataCommunicator.m in Sources */ = {isa = PBXBuildFile; fileRef = 3FDE3DDF1535E1F5005E4EC3 /* CoreDataCommunicator.m */; };
		3FDE3DE31535E55C005E4EC3 /* tableViewBackground.png in Resources */ = {isa = PBXBuildFile; fileRef = 3FDE3DE11535E55C005E4EC3 /* tableViewBackground.png */; };
		3FDE3DE41535E55C005E4EC3 /* tableViewBackground@2x.png in Resources */ = {isa = PBXBuildFile; fileRef = 3FDE3DE21535E55C005E4EC3 /* tableViewBackground@2x.png */; };
		3FDE3DE71535E5C8005E4EC3 /* PlayerViewController.m in Sources */ = {isa = PBXBuildFile; fileRef = 3FDE3DE61535E5C8005E4EC3 /* PlayerViewController.m */; };
		3FDE3DEA1535E718005E4EC3 /* Player.m in Sources */ = {isa = PBXBuildFile; fileRef = 3FDE3DE91535E718005E4EC3 /* Player.m */; };
/* End PBXBuildFile section */

/* Begin PBXFileReference section */
		3FB63BB91535EB40005EFD96 /* CustomCell.h */ = {isa = PBXFileReference; fileEncoding = 4; lastKnownFileType = sourcecode.c.h; path = CustomCell.h; sourceTree = "<group>"; };
		3FB63BBA1535EB40005EFD96 /* CustomCell.m */ = {isa = PBXFileReference; fileEncoding = 4; lastKnownFileType = sourcecode.c.objc; path = CustomCell.m; sourceTree = "<group>"; };
		3FB63BD8153601C0005EFD96 /* tableViewCell@2x.png */ = {isa = PBXFileReference; lastKnownFileType = image.png; path = "tableViewCell@2x.png"; sourceTree = "<group>"; };
		3FB63BD9153601C0005EFD96 /* tableViewCell.png */ = {isa = PBXFileReference; lastKnownFileType = image.png; path = tableViewCell.png; sourceTree = "<group>"; };
		3FDE3DB31535DE70005E4EC3 /* Score Calculator.app */ = {isa = PBXFileReference; explicitFileType = wrapper.application; includeInIndex = 0; path = "Score Calculator.app"; sourceTree = BUILT_PRODUCTS_DIR; };
		3FDE3DB71535DE70005E4EC3 /* UIKit.framework */ = {isa = PBXFileReference; lastKnownFileType = wrapper.framework; name = UIKit.framework; path = System/Library/Frameworks/UIKit.framework; sourceTree = SDKROOT; };
		3FDE3DB91535DE70005E4EC3 /* Foundation.framework */ = {isa = PBXFileReference; lastKnownFileType = wrapper.framework; name = Foundation.framework; path = System/Library/Frameworks/Foundation.framework; sourceTree = SDKROOT; };
		3FDE3DBB1535DE70005E4EC3 /* CoreGraphics.framework */ = {isa = PBXFileReference; lastKnownFileType = wrapper.framework; name = CoreGraphics.framework; path = System/Library/Frameworks/CoreGraphics.framework; sourceTree = SDKROOT; };
		3FDE3DBD1535DE70005E4EC3 /* CoreData.framework */ = {isa = PBXFileReference; lastKnownFileType = wrapper.framework; name = CoreData.framework; path = System/Library/Frameworks/CoreData.framework; sourceTree = SDKROOT; };
		3FDE3DC11535DE70005E4EC3 /* Score Calculator-Info.plist */ = {isa = PBXFileReference; lastKnownFileType = text.plist.xml; path = "Score Calculator-Info.plist"; sourceTree = "<group>"; };
		3FDE3DC31535DE70005E4EC3 /* en */ = {isa = PBXFileReference; lastKnownFileType = text.plist.strings; name = en; path = en.lproj/InfoPlist.strings; sourceTree = "<group>"; };
		3FDE3DC51535DE70005E4EC3 /* main.m */ = {isa = PBXFileReference; lastKnownFileType = sourcecode.c.objc; path = main.m; sourceTree = "<group>"; };
		3FDE3DC71535DE70005E4EC3 /* Score Calculator-Prefix.pch */ = {isa = PBXFileReference; lastKnownFileType = sourcecode.c.h; path = "Score Calculator-Prefix.pch"; sourceTree = "<group>"; };
		3FDE3DC81535DE70005E4EC3 /* AppDelegate.h */ = {isa = PBXFileReference; lastKnownFileType = sourcecode.c.h; path = AppDelegate.h; sourceTree = "<group>"; };
		3FDE3DC91535DE70005E4EC3 /* AppDelegate.m */ = {isa = PBXFileReference; lastKnownFileType = sourcecode.c.objc; path = AppDelegate.m; sourceTree = "<group>"; };
		3FDE3DCC1535DE70005E4EC3 /* Score_Calculator.xcdatamodel */ = {isa = PBXFileReference; lastKnownFileType = wrapper.xcdatamodel; path = Score_Calculator.xcdatamodel; sourceTree = "<group>"; };
		3FDE3DDB1535E187005E4EC3 /* RootTableViewController.h */ = {isa = PBXFileReference; fileEncoding = 4; lastKnownFileType = sourcecode.c.h; path = RootTableViewController.h; sourceTree = "<group>"; };
		3FDE3DDC1535E187005E4EC3 /* RootTableViewController.m */ = {isa = PBXFileReference; fileEncoding = 4; lastKnownFileType = sourcecode.c.objc; path = RootTableViewController.m; sourceTree = "<group>"; };
		3FDE3DDE1535E1F5005E4EC3 /* CoreDataCommunicator.h */ = {isa = PBXFileReference; fileEncoding = 4; lastKnownFileType = sourcecode.c.h; path = CoreDataCommunicator.h; sourceTree = "<group>"; };
		3FDE3DDF1535E1F5005E4EC3 /* CoreDataCommunicator.m */ = {isa = PBXFileReference; fileEncoding = 4; lastKnownFileType = sourcecode.c.objc; path = CoreDataCommunicator.m; sourceTree = "<group>"; };
		3FDE3DE11535E55C005E4EC3 /* tableViewBackground.png */ = {isa = PBXFileReference; lastKnownFileType = image.png; path = tableViewBackground.png; sourceTree = "<group>"; };
		3FDE3DE21535E55C005E4EC3 /* tableViewBackground@2x.png */ = {isa = PBXFileReference; lastKnownFileType = image.png; path = "tableViewBackground@2x.png"; sourceTree = "<group>"; };
		3FDE3DE51535E5C8005E4EC3 /* PlayerViewController.h */ = {isa = PBXFileReference; fileEncoding = 4; lastKnownFileType = sourcecode.c.h; path = PlayerViewController.h; sourceTree = "<group>"; };
		3FDE3DE61535E5C8005E4EC3 /* PlayerViewController.m */ = {isa = PBXFileReference; fileEncoding = 4; lastKnownFileType = sourcecode.c.objc; path = PlayerViewController.m; sourceTree = "<group>"; };
		3FDE3DE81535E718005E4EC3 /* Player.h */ = {isa = PBXFileReference; fileEncoding = 4; lastKnownFileType = sourcecode.c.h; path = Player.h; sourceTree = "<group>"; };
		3FDE3DE91535E718005E4EC3 /* Player.m */ = {isa = PBXFileReference; fileEncoding = 4; lastKnownFileType = sourcecode.c.objc; path = Player.m; sourceTree = "<group>"; };
/* End PBXFileReference section */

/* Begin PBXFrameworksBuildPhase section */
		3FDE3DB01535DE6F005E4EC3 /* Frameworks */ = {
			isa = PBXFrameworksBuildPhase;
			buildActionMask = 2147483647;
			files = (
				3FDE3DB81535DE70005E4EC3 /* UIKit.framework in Frameworks */,
				3FDE3DBA1535DE70005E4EC3 /* Foundation.framework in Frameworks */,
				3FDE3DBC1535DE70005E4EC3 /* CoreGraphics.framework in Frameworks */,
				3FDE3DBE1535DE70005E4EC3 /* CoreData.framework in Frameworks */,
			);
			runOnlyForDeploymentPostprocessing = 0;
		};
/* End PBXFrameworksBuildPhase section */

/* Begin PBXGroup section */
		3FDE3DA81535DE6F005E4EC3 = {
			isa = PBXGroup;
			children = (
				3FDE3DBF1535DE70005E4EC3 /* Score Calculator */,
				3FDE3DB61535DE70005E4EC3 /* Frameworks */,
				3FDE3DB41535DE70005E4EC3 /* Products */,
			);
			sourceTree = "<group>";
		};
		3FDE3DB41535DE70005E4EC3 /* Products */ = {
			isa = PBXGroup;
			children = (
				3FDE3DB31535DE70005E4EC3 /* Score Calculator.app */,
			);
			name = Products;
			sourceTree = "<group>";
		};
		3FDE3DB61535DE70005E4EC3 /* Frameworks */ = {
			isa = PBXGroup;
			children = (
				3FDE3DB71535DE70005E4EC3 /* UIKit.framework */,
				3FDE3DB91535DE70005E4EC3 /* Foundation.framework */,
				3FDE3DBB1535DE70005E4EC3 /* CoreGraphics.framework */,
				3FDE3DBD1535DE70005E4EC3 /* CoreData.framework */,
			);
			name = Frameworks;
			sourceTree = "<group>";
		};
		3FDE3DBF1535DE70005E4EC3 /* Score Calculator */ = {
			isa = PBXGroup;
			children = (
				3FDE3DC81535DE70005E4EC3 /* AppDelegate.h */,
				3FDE3DC91535DE70005E4EC3 /* AppDelegate.m */,
				3FDE3DDE1535E1F5005E4EC3 /* CoreDataCommunicator.h */,
				3FDE3DDF1535E1F5005E4EC3 /* CoreDataCommunicator.m */,
				3FB63BB91535EB40005EFD96 /* CustomCell.h */,
				3FB63BBA1535EB40005EFD96 /* CustomCell.m */,
				3FDE3DDB1535E187005E4EC3 /* RootTableViewController.h */,
				3FDE3DDC1535E187005E4EC3 /* RootTableViewController.m */,
				3FDE3DE51535E5C8005E4EC3 /* PlayerViewController.h */,
				3FDE3DE61535E5C8005E4EC3 /* PlayerViewController.m */,
				3FDE3DE11535E55C005E4EC3 /* tableViewBackground.png */,
				3FDE3DE21535E55C005E4EC3 /* tableViewBackground@2x.png */,
				3FB63BD8153601C0005EFD96 /* tableViewCell@2x.png */,
				3FB63BD9153601C0005EFD96 /* tableViewCell.png */,
				3FDE3DE81535E718005E4EC3 /* Player.h */,
				3FDE3DE91535E718005E4EC3 /* Player.m */,
				3FDE3DCB1535DE70005E4EC3 /* Score_Calculator.xcdatamodeld */,
				3FDE3DC01535DE70005E4EC3 /* Supporting Files */,
			);
			path = "Score Calculator";
			sourceTree = "<group>";
		};
		3FDE3DC01535DE70005E4EC3 /* Supporting Files */ = {
			isa = PBXGroup;
			children = (
				3FDE3DC11535DE70005E4EC3 /* Score Calculator-Info.plist */,
				3FDE3DC21535DE70005E4EC3 /* InfoPlist.strings */,
				3FDE3DC51535DE70005E4EC3 /* main.m */,
				3FDE3DC71535DE70005E4EC3 /* Score Calculator-Prefix.pch */,
			);
			name = "Supporting Files";
			sourceTree = "<group>";
		};
/* End PBXGroup section */

/* Begin PBXNativeTarget section */
		3FDE3DB21535DE6F005E4EC3 /* Score Calculator */ = {
			isa = PBXNativeTarget;
			buildConfigurationList = 3FDE3DD01535DE70005E4EC3 /* Build configuration list for PBXNativeTarget "Score Calculator" */;
			buildPhases = (
				3FDE3DAF1535DE6F005E4EC3 /* Sources */,
				3FDE3DB01535DE6F005E4EC3 /* Frameworks */,
				3FDE3DB11535DE6F005E4EC3 /* Resources */,
			);
			buildRules = (
			);
			dependencies = (
			);
			name = "Score Calculator";
			productName = "Score Calculator";
			productReference = 3FDE3DB31535DE70005E4EC3 /* Score Calculator.app */;
			productType = "com.apple.product-type.application";
		};
/* End PBXNativeTarget section */

/* Begin PBXProject section */
		3FDE3DAA1535DE6F005E4EC3 /* Project object */ = {
			isa = PBXProject;
			attributes = {
				LastUpgradeCheck = 0430;
			};
			buildConfigurationList = 3FDE3DAD1535DE6F005E4EC3 /* Build configuration list for PBXProject "Score Calculator" */;
			compatibilityVersion = "Xcode 3.2";
			developmentRegion = English;
			hasScannedForEncodings = 0;
			knownRegions = (
				en,
			);
			mainGroup = 3FDE3DA81535DE6F005E4EC3;
			productRefGroup = 3FDE3DB41535DE70005E4EC3 /* Products */;
			projectDirPath = "";
			projectRoot = "";
			targets = (
				3FDE3DB21535DE6F005E4EC3 /* Score Calculator */,
			);
		};
/* End PBXProject section */

/* Begin PBXResourcesBuildPhase section */
		3FDE3DB11535DE6F005E4EC3 /* Resources */ = {
			isa = PBXResourcesBuildPhase;
			buildActionMask = 2147483647;
			files = (
				3FDE3DC41535DE70005E4EC3 /* InfoPlist.strings in Resources */,
				3FDE3DE31535E55C005E4EC3 /* tableViewBackground.png in Resources */,
				3FDE3DE41535E55C005E4EC3 /* tableViewBackground@2x.png in Resources */,
				3FB63BDA153601C0005EFD96 /* tableViewCell@2x.png in Resources */,
				3FB63BDB153601C0005EFD96 /* tableViewCell.png in Resources */,
			);
			runOnlyForDeploymentPostprocessing = 0;
		};
/* End PBXResourcesBuildPhase section */

/* Begin PBXSourcesBuildPhase section */
		3FDE3DAF1535DE6F005E4EC3 /* Sources */ = {
			isa = PBXSourcesBuildPhase;
			buildActionMask = 2147483647;
			files = (
				3FDE3DC61535DE70005E4EC3 /* main.m in Sources */,
				3FDE3DCA1535DE70005E4EC3 /* AppDelegate.m in Sources */,
				3FDE3DCD1535DE70005E4EC3 /* Score_Calculator.xcdatamodeld in Sources */,
				3FDE3DDD1535E187005E4EC3 /* RootTableViewController.m in Sources */,
				3FDE3DE01535E1F5005E4EC3 /* CoreDataCommunicator.m in Sources */,
				3FDE3DE71535E5C8005E4EC3 /* PlayerViewController.m in Sources */,
				3FDE3DEA1535E718005E4EC3 /* Player.m in Sources */,
				3FB63BBB1535EB40005EFD96 /* CustomCell.m in Sources */,
			);
			runOnlyForDeploymentPostprocessing = 0;
		};
/* End PBXSourcesBuildPhase section */

/* Begin PBXVariantGroup section */
		3FDE3DC21535DE70005E4EC3 /* InfoPlist.strings */ = {
			isa = PBXVariantGroup;
			children = (
				3FDE3DC31535DE70005E4EC3 /* en */,
			);
			name = InfoPlist.strings;
			sourceTree = "<group>";
		};
/* End PBXVariantGroup section */

/* Begin XCBuildConfiguration section */
		3FDE3DCE1535DE70005E4EC3 /* Debug */ = {
			isa = XCBuildConfiguration;
			buildSettings = {
				ALWAYS_SEARCH_USER_PATHS = NO;
				ARCHS = "$(ARCHS_STANDARD_32_BIT)";
				CLANG_ENABLE_OBJC_ARC = YES;
				"CODE_SIGN_IDENTITY[sdk=iphoneos*]" = "iPhone Developer";
				COPY_PHASE_STRIP = NO;
				GCC_C_LANGUAGE_STANDARD = gnu99;
				GCC_DYNAMIC_NO_PIC = NO;
				GCC_OPTIMIZATION_LEVEL = 0;
				GCC_PREPROCESSOR_DEFINITIONS = (
					"DEBUG=1",
					"$(inherited)",
				);
				GCC_SYMBOLS_PRIVATE_EXTERN = NO;
				GCC_VERSION = com.apple.compilers.llvm.clang.1_0;
				GCC_WARN_ABOUT_RETURN_TYPE = YES;
				GCC_WARN_UNINITIALIZED_AUTOS = YES;
				GCC_WARN_UNUSED_VARIABLE = YES;
				IPHONEOS_DEPLOYMENT_TARGET = 5.1;
				SDKROOT = iphoneos;
			};
			name = Debug;
		};
		3FDE3DCF1535DE70005E4EC3 /* Release */ = {
			isa = XCBuildConfiguration;
			buildSettings = {
				ALWAYS_SEARCH_USER_PATHS = NO;
				ARCHS = "$(ARCHS_STANDARD_32_BIT)";
				CLANG_ENABLE_OBJC_ARC = YES;
				"CODE_SIGN_IDENTITY[sdk=iphoneos*]" = "iPhone Developer";
				COPY_PHASE_STRIP = YES;
				GCC_C_LANGUAGE_STANDARD = gnu99;
				GCC_VERSION = com.apple.compilers.llvm.clang.1_0;
				GCC_WARN_ABOUT_RETURN_TYPE = YES;
				GCC_WARN_UNINITIALIZED_AUTOS = YES;
				GCC_WARN_UNUSED_VARIABLE = YES;
				IPHONEOS_DEPLOYMENT_TARGET = 5.1;
				OTHER_CFLAGS = "-DNS_BLOCK_ASSERTIONS=1";
				SDKROOT = iphoneos;
				VALIDATE_PRODUCT = YES;
			};
			name = Release;
		};
		3FDE3DD11535DE70005E4EC3 /* Debug */ = {
			isa = XCBuildConfiguration;
			buildSettings = {
				GCC_PRECOMPILE_PREFIX_HEADER = YES;
				GCC_PREFIX_HEADER = "Score Calculator/Score Calculator-Prefix.pch";
				INFOPLIST_FILE = "Score Calculator/Score Calculator-Info.plist";
				PRODUCT_NAME = "$(TARGET_NAME)";
				WRAPPER_EXTENSION = app;
			};
			name = Debug;
		};
		3FDE3DD21535DE70005E4EC3 /* Release */ = {
			isa = XCBuildConfiguration;
			buildSettings = {
				GCC_PRECOMPILE_PREFIX_HEADER = YES;
				GCC_PREFIX_HEADER = "Score Calculator/Score Calculator-Prefix.pch";
				INFOPLIST_FILE = "Score Calculator/Score Calculator-Info.plist";
				PRODUCT_NAME = "$(TARGET_NAME)";
				WRAPPER_EXTENSION = app;
			};
			name = Release;
		};
/* End XCBuildConfiguration section */

/* Begin XCConfigurationList section */
		3FDE3DAD1535DE6F005E4EC3 /* Build configuration list for PBXProject "Score Calculator" */ = {
			isa = XCConfigurationList;
			buildConfigurations = (
				3FDE3DCE1535DE70005E4EC3 /* Debug */,
				3FDE3DCF1535DE70005E4EC3 /* Release */,
			);
			defaultConfigurationIsVisible = 0;
			defaultConfigurationName = Release;
		};
		3FDE3DD01535DE70005E4EC3 /* Build configuration list for PBXNativeTarget "Score Calculator" */ = {
			isa = XCConfigurationList;
			buildConfigurations = (
				3FDE3DD11535DE70005E4EC3 /* Debug */,
				3FDE3DD21535DE70005E4EC3 /* Release */,
			);
			defaultConfigurationIsVisible = 0;
			defaultConfigurationName = Release;
		};
/* End XCConfigurationList section */

/* Begin XCVersionGroup section */
		3FDE3DCB1535DE70005E4EC3 /* Score_Calculator.xcdatamodeld */ = {
			isa = XCVersionGroup;
			children = (
				3FDE3DCC1535DE70005E4EC3 /* Score_Calculator.xcdatamodel */,
			);
			currentVersion = 3FDE3DCC1535DE70005E4EC3 /* Score_Calculator.xcdatamodel */;
			path = Score_Calculator.xcdatamodeld;
			sourceTree = "<group>";
			versionGroupType = wrapper.xcdatamodel;
		};
/* End XCVersionGroup section */
	};
	rootObject = 3FDE3DAA1535DE6F005E4EC3 /* Project object */;
}
